
Microsoft Visual Studio Solution File, Format Version 12.00
# Visual Studio Version 16
VisualStudioVersion = 16.0.30204.135
MinimumVisualStudioVersion = 10.0.40219.1
Project("{FAE04EC0-301F-11D3-BF4B-00C04F79EFBC}") = "MosesApi77", "MosesApi77.csproj", "{0D2E7420-C80C-4F46-8658-0F57233C4DF9}"
EndProject
Global
	GlobalSection(SolutionConfigurationPlatforms) = preSolution
		Debug|Any CPU = Debug|Any CPU
		Release|Any CPU = Release|Any CPU
	EndGlobalSection
	GlobalSection(ProjectConfigurationPlatforms) = postSolution
		{0D2E7420-C80C-4F46-8658-0F57233C4DF9}.Debug|Any CPU.ActiveCfg = Debug|Any CPU
		{0D2E7420-C80C-4F46-8658-0F57233C4DF9}.Debug|Any CPU.Build.0 = Debug|Any CPU
		{0D2E7420-C80C-4F46-8658-0F57233C4DF9}.Release|Any CPU.ActiveCfg = Release|Any CPU
		{0D2E7420-C80C-4F46-8658-0F57233C4DF9}.Release|Any CPU.Build.0 = Release|Any CPU
	EndGlobalSection
	GlobalSection(SolutionProperties) = preSolution
		HideSolutionNode = FALSE
	EndGlobalSection
	GlobalSection(ExtensibilityGlobals) = postSolution
		SolutionGuid = {AC508F6C-D4B5-4A19-84DD-3D57367EFE33}
	EndGlobalSection
EndGlobal
